PODS:
  - AFNetworking (2.6.3):
    - AFNetworking/NSURLConnection (= 2.6.3)
    - AFNetworking/NSURLSession (= 2.6.3)
    - AFNetworking/Reachability (= 2.6.3)
    - AFNetworking/Security (= 2.6.3)
    - AFNetworking/Serialization (= 2.6.3)
    - AFNetworking/UIKit (= 2.6.3)
  - AFNetworking/NSURLConnection (2.6.3):
    - AFNetworking/Reachability
    - AFNetworking/Security
    - AFNetworking/Serialization
  - AFNetworking/NSURLSession (2.6.3):
    - AFNetworking/Reachability
    - AFNetworking/Security
    - AFNetworking/Serialization
  - AFNetworking/Reachability (2.6.3)
  - AFNetworking/Security (2.6.3)
  - AFNetworking/Serialization (2.6.3)
  - AFNetworking/UIKit (2.6.3):
    - AFNetworking/NSURLConnection
    - AFNetworking/NSURLSession
  - Nimble (5.1.1)
  - Quick (1.0.0)
  - SocketRocket (0.4.2)
  - SwignalR (0.1.0):
    - AFNetworking (~> 2.0)
    - SocketRocket (~> 0.4)

DEPENDENCIES:
  - AFNetworking (= 2.6.3)
  - Nimble (~> 5.1.1)
  - Quick (~> 1.0.0)
  - SocketRocket (= 0.4.2)
  - SwignalR (from `../`)

EXTERNAL SOURCES:
  SwignalR:
    :path: ../

SPEC CHECKSUMS:
  AFNetworking: cb8d14a848e831097108418f5d49217339d4eb60
  Nimble: 415e3aa3267e7bc2c96b05fa814ddea7bb686a29
  Quick: 8024e4a47e6cc03a9d5245ef0948264fc6d27cff
  SocketRocket: ffe08119b00ef982f6c37052a4705a057c8494ad
  SwignalR: f88488ae7693ec1bc35352ee10e9ad46352a8b41

PODFILE CHECKSUM: 1b7e3a691947935dbf2ab110f5f4bd4accb93c54

COCOAPODS: 1.2.0
